
Microsoft Visual Studio Solution File, Format Version 11.00
# Visual Studio 2010
Project("{FAE04EC0-301F-11D3-BF4B-00C04F79EFBC}") = "AppPrueba", "AppPrueba\AppPrueba.csproj", "{982C6804-96BA-48DF-9F77-8FEB77185BD2}"
EndProject
Global
	GlobalSection(SolutionConfigurationPlatforms) = preSolution
		Ad-Hoc|iPhone = Ad-Hoc|iPhone
		Ad-Hoc|iPhoneSimulator = Ad-Hoc|iPhoneSimulator
		AppStore|iPhone = AppStore|iPhone
		AppStore|iPhoneSimulator = AppStore|iPhoneSimulator
		Debug|iPhone = Debug|iPhone
		Debug|iPhoneSimulator = Debug|iPhoneSimulator
		Release|iPhone = Release|iPhone
		Release|iPhoneSimulator = Release|iPhoneSimulator
	EndGlobalSection
	GlobalSection(ProjectConfigurationPlatforms) = postSolution
		{982C6804-96BA-48DF-9F77-8FEB77185BD2}.Ad-Hoc|iPhone.ActiveCfg = Ad-Hoc|iPhone
		{982C6804-96BA-48DF-9F77-8FEB77185BD2}.Ad-Hoc|iPhone.Build.0 = Ad-Hoc|iPhone
		{982C6804-96BA-48DF-9F77-8FEB77185BD2}.Ad-Hoc|iPhoneSimulator.ActiveCfg = Ad-Hoc|iPhoneSimulator
		{982C6804-96BA-48DF-9F77-8FEB77185BD2}.Ad-Hoc|iPhoneSimulator.Build.0 = Ad-Hoc|iPhoneSimulator
		{982C6804-96BA-48DF-9F77-8FEB77185BD2}.AppStore|iPhone.ActiveCfg = AppStore|iPhone
		{982C6804-96BA-48DF-9F77-8FEB77185BD2}.AppStore|iPhone.Build.0 = AppStore|iPhone
		{982C6804-96BA-48DF-9F77-8FEB77185BD2}.AppStore|iPhoneSimulator.ActiveCfg = AppStore|iPhoneSimulator
		{982C6804-96BA-48DF-9F77-8FEB77185BD2}.AppStore|iPhoneSimulator.Build.0 = AppStore|iPhoneSimulator
		{982C6804-96BA-48DF-9F77-8FEB77185BD2}.Debug|iPhone.ActiveCfg = Debug|iPhone
		{982C6804-96BA-48DF-9F77-8FEB77185BD2}.Debug|iPhone.Build.0 = Debug|iPhone
		{982C6804-96BA-48DF-9F77-8FEB77185BD2}.Debug|iPhoneSimulator.ActiveCfg = Debug|iPhoneSimulator
		{982C6804-96BA-48DF-9F77-8FEB77185BD2}.Debug|iPhoneSimulator.Build.0 = Debug|iPhoneSimulator
		{982C6804-96BA-48DF-9F77-8FEB77185BD2}.Release|iPhone.ActiveCfg = Release|iPhone
		{982C6804-96BA-48DF-9F77-8FEB77185BD2}.Release|iPhone.Build.0 = Release|iPhone
		{982C6804-96BA-48DF-9F77-8FEB77185BD2}.Release|iPhoneSimulator.ActiveCfg = Release|iPhoneSimulator
		{982C6804-96BA-48DF-9F77-8FEB77185BD2}.Release|iPhoneSimulator.Build.0 = Release|iPhoneSimulator
	EndGlobalSection
	GlobalSection(SolutionProperties) = preSolution
		HideSolutionNode = FALSE
	EndGlobalSection
EndGlobal
