
Microsoft Visual Studio Solution File, Format Version 10.00
# Visual Studio 2008
Project("{FAE04EC0-301F-11D3-BF4B-00C04F79EFBC}") = "ImageEditorInCSharp", "ImageEditorInCSharp\ImageEditorInCSharp.csproj", "{2882BC0C-7A55-47CD-96D2-4C9F0BE26413}"
EndProject
Global
	GlobalSection(SolutionConfigurationPlatforms) = preSolution
		Debug|Any CPU = Debug|Any CPU
		Release|Any CPU = Release|Any CPU
	EndGlobalSection
	GlobalSection(ProjectConfigurationPlatforms) = postSolution
		{2882BC0C-7A55-47CD-96D2-4C9F0BE26413}.Debug|Any CPU.ActiveCfg = Debug|Any CPU
		{2882BC0C-7A55-47CD-96D2-4C9F0BE26413}.Debug|Any CPU.Build.0 = Debug|Any CPU
		{2882BC0C-7A55-47CD-96D2-4C9F0BE26413}.Release|Any CPU.ActiveCfg = Release|Any CPU
		{2882BC0C-7A55-47CD-96D2-4C9F0BE26413}.Release|Any CPU.Build.0 = Release|Any CPU
	EndGlobalSection
	GlobalSection(SolutionProperties) = preSolution
		HideSolutionNode = FALSE
	EndGlobalSection
EndGlobal
