
Microsoft Visual Studio Solution File, Format Version 11.00
# Visual Studio 2010
Project("{FAE04EC0-301F-11D3-BF4B-00C04F79EFBC}") = "WpfAppReproductorMp3", "WpfAppReproductorMp3\WpfAppReproductorMp3.csproj", "{43ca7eea-273a-413a-9e27-18615f187939}"
EndProject
Global
	GlobalSection(SolutionConfigurationPlatforms) = preSolution
		Debug|Any CPU = Debug|Any CPU
		Release|Any CPU = Release|Any CPU
	EndGlobalSection
	GlobalSection(ProjectConfigurationPlatforms) = postSolution
		{43CA7EEA-273A-413A-9E27-18615F187939}.Debug|Any CPU.ActiveCfg = Debug|Any CPU
		{43CA7EEA-273A-413A-9E27-18615F187939}.Debug|Any CPU.Build.0 = Debug|Any CPU
		{43CA7EEA-273A-413A-9E27-18615F187939}.Release|Any CPU.ActiveCfg = Release|Any CPU
		{43CA7EEA-273A-413A-9E27-18615F187939}.Release|Any CPU.Build.0 = Release|Any CPU
	EndGlobalSection
EndGlobal
