
Microsoft Visual Studio Solution File, Format Version 11.00
# Visual Studio 2010
Project("{FAE04EC0-301F-11D3-BF4B-00C04F79EFBC}") = "MainMenu", "MainMenu\MainMenu.csproj", "{1A9035FE-EC37-45A7-AC7E-9F90144E2033}"
EndProject
Project("{FAE04EC0-301F-11D3-BF4B-00C04F79EFBC}") = "Dominio", "Dominio\Dominio.csproj", "{DED951DA-6AAE-4BD8-9B21-A955A3D40D3E}"
EndProject
Project("{FAE04EC0-301F-11D3-BF4B-00C04F79EFBC}") = "Sesion", "Sesion\Sesion.csproj", "{755451CD-517C-402F-8332-4C6A12620CBC}"
EndProject
Global
	GlobalSection(SolutionConfigurationPlatforms) = preSolution
		Debug|Any CPU = Debug|Any CPU
		Debug|Mixed Platforms = Debug|Mixed Platforms
		Debug|x86 = Debug|x86
		Release|Any CPU = Release|Any CPU
		Release|Mixed Platforms = Release|Mixed Platforms
		Release|x86 = Release|x86
	EndGlobalSection
	GlobalSection(ProjectConfigurationPlatforms) = postSolution
		{1A9035FE-EC37-45A7-AC7E-9F90144E2033}.Debug|Any CPU.ActiveCfg = Debug|x86
		{1A9035FE-EC37-45A7-AC7E-9F90144E2033}.Debug|Mixed Platforms.ActiveCfg = Debug|x86
		{1A9035FE-EC37-45A7-AC7E-9F90144E2033}.Debug|Mixed Platforms.Build.0 = Debug|x86
		{1A9035FE-EC37-45A7-AC7E-9F90144E2033}.Debug|x86.ActiveCfg = Debug|x86
		{1A9035FE-EC37-45A7-AC7E-9F90144E2033}.Debug|x86.Build.0 = Debug|x86
		{1A9035FE-EC37-45A7-AC7E-9F90144E2033}.Release|Any CPU.ActiveCfg = Release|x86
		{1A9035FE-EC37-45A7-AC7E-9F90144E2033}.Release|Mixed Platforms.ActiveCfg = Release|x86
		{1A9035FE-EC37-45A7-AC7E-9F90144E2033}.Release|Mixed Platforms.Build.0 = Release|x86
		{1A9035FE-EC37-45A7-AC7E-9F90144E2033}.Release|x86.ActiveCfg = Release|x86
		{1A9035FE-EC37-45A7-AC7E-9F90144E2033}.Release|x86.Build.0 = Release|x86
		{DED951DA-6AAE-4BD8-9B21-A955A3D40D3E}.Debug|Any CPU.ActiveCfg = Debug|Any CPU
		{DED951DA-6AAE-4BD8-9B21-A955A3D40D3E}.Debug|Any CPU.Build.0 = Debug|Any CPU
		{DED951DA-6AAE-4BD8-9B21-A955A3D40D3E}.Debug|Mixed Platforms.ActiveCfg = Debug|Any CPU
		{DED951DA-6AAE-4BD8-9B21-A955A3D40D3E}.Debug|Mixed Platforms.Build.0 = Debug|Any CPU
		{DED951DA-6AAE-4BD8-9B21-A955A3D40D3E}.Debug|x86.ActiveCfg = Debug|Any CPU
		{DED951DA-6AAE-4BD8-9B21-A955A3D40D3E}.Release|Any CPU.ActiveCfg = Release|Any CPU
		{DED951DA-6AAE-4BD8-9B21-A955A3D40D3E}.Release|Any CPU.Build.0 = Release|Any CPU
		{DED951DA-6AAE-4BD8-9B21-A955A3D40D3E}.Release|Mixed Platforms.ActiveCfg = Release|Any CPU
		{DED951DA-6AAE-4BD8-9B21-A955A3D40D3E}.Release|Mixed Platforms.Build.0 = Release|Any CPU
		{DED951DA-6AAE-4BD8-9B21-A955A3D40D3E}.Release|x86.ActiveCfg = Release|Any CPU
		{755451CD-517C-402F-8332-4C6A12620CBC}.Debug|Any CPU.ActiveCfg = Debug|Any CPU
		{755451CD-517C-402F-8332-4C6A12620CBC}.Debug|Any CPU.Build.0 = Debug|Any CPU
		{755451CD-517C-402F-8332-4C6A12620CBC}.Debug|Mixed Platforms.ActiveCfg = Debug|Any CPU
		{755451CD-517C-402F-8332-4C6A12620CBC}.Debug|Mixed Platforms.Build.0 = Debug|Any CPU
		{755451CD-517C-402F-8332-4C6A12620CBC}.Debug|x86.ActiveCfg = Debug|Any CPU
		{755451CD-517C-402F-8332-4C6A12620CBC}.Release|Any CPU.ActiveCfg = Release|Any CPU
		{755451CD-517C-402F-8332-4C6A12620CBC}.Release|Any CPU.Build.0 = Release|Any CPU
		{755451CD-517C-402F-8332-4C6A12620CBC}.Release|Mixed Platforms.ActiveCfg = Release|Any CPU
		{755451CD-517C-402F-8332-4C6A12620CBC}.Release|Mixed Platforms.Build.0 = Release|Any CPU
		{755451CD-517C-402F-8332-4C6A12620CBC}.Release|x86.ActiveCfg = Release|Any CPU
	EndGlobalSection
	GlobalSection(SolutionProperties) = preSolution
		HideSolutionNode = FALSE
	EndGlobalSection
EndGlobal
